
Microsoft Visual Studio Solution File, Format Version 12.00
# Visual Studio 2015
Project("{FAE04EC0-301F-11D3-BF4B-00C04F79EFBC}") = "DataGrid_CS", "DataGrid_CS.csproj", "{1B8F33D0-3D9F-9786-F29B-0CF1851D87A9}"
EndProject
Global
	GlobalSection(SolutionConfigurationPlatforms) = preSolution
		Debug|Any CPU = Debug|Any CPU
		Release|Any CPU = Release|Any CPU
	EndGlobalSection
	GlobalSection(ProjectConfigurationPlatforms) = postSolution
		{1B8F33D0-3D9F-9786-F29B-0CF1851D87A9}.Debug|Any CPU.ActiveCfg = Debug|Any CPU
		{1B8F33D0-3D9F-9786-F29B-0CF1851D87A9}.Debug|Any CPU.Build.0 = Debug|Any CPU
		{1B8F33D0-3D9F-9786-F29B-0CF1851D87A9}.Release|Any CPU.ActiveCfg = Release|Any CPU
		{1B8F33D0-3D9F-9786-F29B-0CF1851D87A9}.Release|Any CPU.Build.0 = Release|Any CPU
	EndGlobalSection
	GlobalSection(SolutionProperties) = preSolution
		HideSolutionNode = FALSE
	EndGlobalSection
EndGlobal
